
Microsoft Visual Studio Solution File, Format Version 12.00
# Visual Studio Version 17
VisualStudioVersion = 17.9.34607.119
MinimumVisualStudioVersion = 10.0.40219.1
Project("{FAE04EC0-301F-11D3-BF4B-00C04F79EFBC}") = "Dokobell", "Dokobell\Dokobell.csproj", "{4BB5AC0F-5DAB-4DA6-84BF-F373A2EE0F61}"
EndProject
Global
	GlobalSection(SolutionConfigurationPlatforms) = preSolution
		Debug|Any CPU = Debug|Any CPU
		Release|Any CPU = Release|Any CPU
	EndGlobalSection
	GlobalSection(ProjectConfigurationPlatforms) = postSolution
		{4BB5AC0F-5DAB-4DA6-84BF-F373A2EE0F61}.Debug|Any CPU.ActiveCfg = Debug|Any CPU
		{4BB5AC0F-5DAB-4DA6-84BF-F373A2EE0F61}.Debug|Any CPU.Build.0 = Debug|Any CPU
		{4BB5AC0F-5DAB-4DA6-84BF-F373A2EE0F61}.Release|Any CPU.ActiveCfg = Release|Any CPU
		{4BB5AC0F-5DAB-4DA6-84BF-F373A2EE0F61}.Release|Any CPU.Build.0 = Release|Any CPU
	EndGlobalSection
	GlobalSection(SolutionProperties) = preSolution
		HideSolutionNode = FALSE
	EndGlobalSection
	GlobalSection(ExtensibilityGlobals) = postSolution
		SolutionGuid = {5144E584-86AE-407A-A21C-D9EDD0F515B0}
	EndGlobalSection
EndGlobal
